
Microsoft Visual Studio Solution File, Format Version 12.00
# Visual Studio 15
VisualStudioVersion = 15.0.26730.3
MinimumVisualStudioVersion = 10.0.40219.1
Project("{FAE04EC0-301F-11D3-BF4B-00C04F79EFBC}") = "BatchSample", "BatchSample\BatchSample.csproj", "{C4A39981-5383-4205-B1D3-89886856308B}"
EndProject
Project("{FAE04EC0-301F-11D3-BF4B-00C04F79EFBC}") = "BatchSample.Tests", "BatchSample.Tests\BatchSample.Tests.csproj", "{F7128F3C-40D9-4839-A78A-DFA9A6D13790}"
EndProject
Global
	GlobalSection(SolutionConfigurationPlatforms) = preSolution
		Debug|Any CPU = Debug|Any CPU
		Release|Any CPU = Release|Any CPU
	EndGlobalSection
	GlobalSection(ProjectConfigurationPlatforms) = postSolution
		{C4A39981-5383-4205-B1D3-89886856308B}.Debug|Any CPU.ActiveCfg = Debug|Any CPU
		{C4A39981-5383-4205-B1D3-89886856308B}.Debug|Any CPU.Build.0 = Debug|Any CPU
		{C4A39981-5383-4205-B1D3-89886856308B}.Release|Any CPU.ActiveCfg = Release|Any CPU
		{C4A39981-5383-4205-B1D3-89886856308B}.Release|Any CPU.Build.0 = Release|Any CPU
		{F7128F3C-40D9-4839-A78A-DFA9A6D13790}.Debug|Any CPU.ActiveCfg = Debug|Any CPU
		{F7128F3C-40D9-4839-A78A-DFA9A6D13790}.Debug|Any CPU.Build.0 = Debug|Any CPU
		{F7128F3C-40D9-4839-A78A-DFA9A6D13790}.Release|Any CPU.ActiveCfg = Release|Any CPU
		{F7128F3C-40D9-4839-A78A-DFA9A6D13790}.Release|Any CPU.Build.0 = Release|Any CPU
	EndGlobalSection
	GlobalSection(SolutionProperties) = preSolution
		HideSolutionNode = FALSE
	EndGlobalSection
	GlobalSection(ExtensibilityGlobals) = postSolution
		SolutionGuid = {F1F63379-17E9-4B97-A09A-CECC3388243E}
	EndGlobalSection
EndGlobal
